
Microsoft Visual Studio Solution File, Format Version 12.00
# Visual Studio Version 16
VisualStudioVersion = 16.0.31313.79
MinimumVisualStudioVersion = 10.0.40219.1
Project("{FAE04EC0-301F-11D3-BF4B-00C04F79EFBC}") = "ConsoleFileManager", "ConsoleFileManager\ConsoleFileManager.csproj", "{AB23055F-03A2-48FF-A6C6-56284538F2D1}"
EndProject
Global
	GlobalSection(SolutionConfigurationPlatforms) = preSolution
		Debug|Any CPU = Debug|Any CPU
		Release|Any CPU = Release|Any CPU
	EndGlobalSection
	GlobalSection(ProjectConfigurationPlatforms) = postSolution
		{AB23055F-03A2-48FF-A6C6-56284538F2D1}.Debug|Any CPU.ActiveCfg = Debug|Any CPU
		{AB23055F-03A2-48FF-A6C6-56284538F2D1}.Debug|Any CPU.Build.0 = Debug|Any CPU
		{AB23055F-03A2-48FF-A6C6-56284538F2D1}.Release|Any CPU.ActiveCfg = Release|Any CPU
		{AB23055F-03A2-48FF-A6C6-56284538F2D1}.Release|Any CPU.Build.0 = Release|Any CPU
	EndGlobalSection
	GlobalSection(SolutionProperties) = preSolution
		HideSolutionNode = FALSE
	EndGlobalSection
	GlobalSection(ExtensibilityGlobals) = postSolution
		SolutionGuid = {E0ED286A-C10A-4E53-B220-BE5BE8759673}
	EndGlobalSection
EndGlobal
